// !$*UTF8*$!
{
	archiveVersion = 1;
	classes = {
	};
	objectVersion = 55;
	objects = {

/* Begin PBXBuildFile section */
		259DF066285B2281001D7F90 /* SwiftUI_ExampleApp.swift in Sources */ = {isa = PBXBuildFile; fileRef = 259DF065285B2281001D7F90 /* SwiftUI_ExampleApp.swift */; };
		259DF068285B2281001D7F90 /* ContentView.swift in Sources */ = {isa = PBXBuildFile; fileRef = 259DF067285B2281001D7F90 /* ContentView.swift */; };
		259DF06A285B2281001D7F90 /* Assets.xcassets in Resources */ = {isa = PBXBuildFile; fileRef = 259DF069285B2281001D7F90 /* Assets.xcassets */; };
		259DF06D285B2281001D7F90 /* Preview Assets.xcassets in Resources */ = {isa = PBXBuildFile; fileRef = 259DF06C285B2281001D7F90 /* Preview Assets.xcassets */; };
		259DF077285B2281001D7F90 /* SwiftUI_ExampleTests.swift in Sources */ = {isa = PBXBuildFile; fileRef = 259DF076285B2281001D7F90 /* SwiftUI_ExampleTests.swift */; };
		259DF081285B2281001D7F90 /* SwiftUI_ExampleUITests.swift in Sources */ = {isa = PBXBuildFile; fileRef = 259DF080285B2281001D7F90 /* SwiftUI_ExampleUITests.swift */; };
		259DF083285B2281001D7F90 /* SwiftUI_ExampleUITestsLaunchTests.swift in Sources */ = {isa = PBXBuildFile; fileRef = 259DF082285B2281001D7F90 /* SwiftUI_ExampleUITestsLaunchTests.swift */; };
		259DF095285B282C001D7F90 /* ComposableArchitecture in Frameworks */ = {isa = PBXBuildFile; productRef = 259DF094285B282C001D7F90 /* ComposableArchitecture */; };
		259DF09B28600AD6001D7F90 /* CalendarAction.swift in Sources */ = {isa = PBXBuildFile; fileRef = 259DF09628600AD6001D7F90 /* CalendarAction.swift */; };
		259DF09C28600AD6001D7F90 /* CalendarView.swift in Sources */ = {isa = PBXBuildFile; fileRef = 259DF09728600AD6001D7F90 /* CalendarView.swift */; };
		259DF09D28600AD6001D7F90 /* CalendarEnvironment.swift in Sources */ = {isa = PBXBuildFile; fileRef = 259DF09828600AD6001D7F90 /* CalendarEnvironment.swift */; };
		259DF09E28600AD6001D7F90 /* CalendarReducer.swift in Sources */ = {isa = PBXBuildFile; fileRef = 259DF09928600AD6001D7F90 /* CalendarReducer.swift */; };
		259DF09F28600AD6001D7F90 /* CalendarState.swift in Sources */ = {isa = PBXBuildFile; fileRef = 259DF09A28600AD6001D7F90 /* CalendarState.swift */; };
		259DF0A2286013E5001D7F90 /* DayOfWeek.swift in Sources */ = {isa = PBXBuildFile; fileRef = 259DF0A1286013E5001D7F90 /* DayOfWeek.swift */; };
		259DF0A4286027CE001D7F90 /* DayInformation.swift in Sources */ = {isa = PBXBuildFile; fileRef = 259DF0A3286027CE001D7F90 /* DayInformation.swift */; };
		259DF0A62860C1A5001D7F90 /* CalendarDimView.swift in Sources */ = {isa = PBXBuildFile; fileRef = 259DF0A52860C1A5001D7F90 /* CalendarDimView.swift */; };
		8AF4182E2860E71300BD95E7 /* ComposableArchitecture in Frameworks */ = {isa = PBXBuildFile; productRef = 8AF4182D2860E71300BD95E7 /* ComposableArchitecture */; };
		8AF4183028610E4B00BD95E7 /* Int+Extension.swift in Sources */ = {isa = PBXBuildFile; fileRef = 8AF4182F28610E4B00BD95E7 /* Int+Extension.swift */; };
/* End PBXBuildFile section */

/* Begin PBXContainerItemProxy section */
		259DF073285B2281001D7F90 /* PBXContainerItemProxy */ = {
			isa = PBXContainerItemProxy;
			containerPortal = 259DF05A285B2281001D7F90 /* Project object */;
			proxyType = 1;
			remoteGlobalIDString = 259DF061285B2281001D7F90;
			remoteInfo = SwiftUI_Example;
		};
		259DF07D285B2281001D7F90 /* PBXContainerItemProxy */ = {
			isa = PBXContainerItemProxy;
			containerPortal = 259DF05A285B2281001D7F90 /* Project object */;
			proxyType = 1;
			remoteGlobalIDString = 259DF061285B2281001D7F90;
			remoteInfo = SwiftUI_Example;
		};
/* End PBXContainerItemProxy section */

/* Begin PBXFileReference section */
		259DF062285B2281001D7F90 /* SwiftUI_Example.app */ = {isa = PBXFileReference; explicitFileType = wrapper.application; includeInIndex = 0; path = SwiftUI_Example.app; sourceTree = BUILT_PRODUCTS_DIR; };
		259DF065285B2281001D7F90 /* SwiftUI_ExampleApp.swift */ = {isa = PBXFileReference; lastKnownFileType = sourcecode.swift; path = SwiftUI_ExampleApp.swift; sourceTree = "<group>"; };
		259DF067285B2281001D7F90 /* ContentView.swift */ = {isa = PBXFileReference; lastKnownFileType = sourcecode.swift; path = ContentView.swift; sourceTree = "<group>"; };
		259DF069285B2281001D7F90 /* Assets.xcassets */ = {isa = PBXFileReference; lastKnownFileType = folder.assetcatalog; path = Assets.xcassets; sourceTree = "<group>"; };
		259DF06C285B2281001D7F90 /* Preview Assets.xcassets */ = {isa = PBXFileReference; lastKnownFileType = folder.assetcatalog; path = "Preview Assets.xcassets"; sourceTree = "<group>"; };
		259DF072285B2281001D7F90 /* SwiftUI_ExampleTests.xctest */ = {isa = PBXFileReference; explicitFileType = wrapper.cfbundle; includeInIndex = 0; path = SwiftUI_ExampleTests.xctest; sourceTree = BUILT_PRODUCTS_DIR; };
		259DF076285B2281001D7F90 /* SwiftUI_ExampleTests.swift */ = {isa = PBXFileReference; lastKnownFileType = sourcecode.swift; path = SwiftUI_ExampleTests.swift; sourceTree = "<group>"; };
		259DF07C285B2281001D7F90 /* SwiftUI_ExampleUITests.xctest */ = {isa = PBXFileReference; explicitFileType = wrapper.cfbundle; includeInIndex = 0; path = SwiftUI_ExampleUITests.xctest; sourceTree = BUILT_PRODUCTS_DIR; };
		259DF080285B2281001D7F90 /* SwiftUI_ExampleUITests.swift */ = {isa = PBXFileReference; lastKnownFileType = sourcecode.swift; path = SwiftUI_ExampleUITests.swift; sourceTree = "<group>"; };
		259DF082285B2281001D7F90 /* SwiftUI_ExampleUITestsLaunchTests.swift */ = {isa = PBXFileReference; lastKnownFileType = sourcecode.swift; path = SwiftUI_ExampleUITestsLaunchTests.swift; sourceTree = "<group>"; };
		259DF09628600AD6001D7F90 /* CalendarAction.swift */ = {isa = PBXFileReference; lastKnownFileType = sourcecode.swift; path = CalendarAction.swift; sourceTree = "<group>"; };
		259DF09728600AD6001D7F90 /* CalendarView.swift */ = {isa = PBXFileReference; lastKnownFileType = sourcecode.swift; path = CalendarView.swift; sourceTree = "<group>"; };
		259DF09828600AD6001D7F90 /* CalendarEnvironment.swift */ = {isa = PBXFileReference; lastKnownFileType = sourcecode.swift; path = CalendarEnvironment.swift; sourceTree = "<group>"; };
		259DF09928600AD6001D7F90 /* CalendarReducer.swift */ = {isa = PBXFileReference; lastKnownFileType = sourcecode.swift; path = CalendarReducer.swift; sourceTree = "<group>"; };
		259DF09A28600AD6001D7F90 /* CalendarState.swift */ = {isa = PBXFileReference; lastKnownFileType = sourcecode.swift; path = CalendarState.swift; sourceTree = "<group>"; };
		259DF0A1286013E5001D7F90 /* DayOfWeek.swift */ = {isa = PBXFileReference; lastKnownFileType = sourcecode.swift; path = DayOfWeek.swift; sourceTree = "<group>"; };
		259DF0A3286027CE001D7F90 /* DayInformation.swift */ = {isa = PBXFileReference; lastKnownFileType = sourcecode.swift; path = DayInformation.swift; sourceTree = "<group>"; };
		259DF0A52860C1A5001D7F90 /* CalendarDimView.swift */ = {isa = PBXFileReference; lastKnownFileType = sourcecode.swift; path = CalendarDimView.swift; sourceTree = "<group>"; };
		8AF4182F28610E4B00BD95E7 /* Int+Extension.swift */ = {isa = PBXFileReference; lastKnownFileType = sourcecode.swift; path = "Int+Extension.swift"; sourceTree = "<group>"; };
/* End PBXFileReference section */

/* Begin PBXFrameworksBuildPhase section */
		259DF05F285B2281001D7F90 /* Frameworks */ = {
			isa = PBXFrameworksBuildPhase;
			buildActionMask = 2147483647;
			files = (
				8AF4182E2860E71300BD95E7 /* ComposableArchitecture in Frameworks */,
				259DF095285B282C001D7F90 /* ComposableArchitecture in Frameworks */,
			);
			runOnlyForDeploymentPostprocessing = 0;
		};
		259DF06F285B2281001D7F90 /* Frameworks */ = {
			isa = PBXFrameworksBuildPhase;
			buildActionMask = 2147483647;
			files = (
			);
			runOnlyForDeploymentPostprocessing = 0;
		};
		259DF079285B2281001D7F90 /* Frameworks */ = {
			isa = PBXFrameworksBuildPhase;
			buildActionMask = 2147483647;
			files = (
			);
			runOnlyForDeploymentPostprocessing = 0;
		};
/* End PBXFrameworksBuildPhase section */

/* Begin PBXGroup section */
		259DF059285B2281001D7F90 = {
			isa = PBXGroup;
			children = (
				259DF0A028600ADA001D7F90 /* Calendar */,
				259DF064285B2281001D7F90 /* SwiftUI_Example */,
				259DF075285B2281001D7F90 /* SwiftUI_ExampleTests */,
				259DF07F285B2281001D7F90 /* SwiftUI_ExampleUITests */,
				259DF063285B2281001D7F90 /* Products */,
			);
			sourceTree = "<group>";
		};
		259DF063285B2281001D7F90 /* Products */ = {
			isa = PBXGroup;
			children = (
				259DF062285B2281001D7F90 /* SwiftUI_Example.app */,
				259DF072285B2281001D7F90 /* SwiftUI_ExampleTests.xctest */,
				259DF07C285B2281001D7F90 /* SwiftUI_ExampleUITests.xctest */,
			);
			name = Products;
			sourceTree = "<group>";
		};
		259DF064285B2281001D7F90 /* SwiftUI_Example */ = {
			isa = PBXGroup;
			children = (
				259DF065285B2281001D7F90 /* SwiftUI_ExampleApp.swift */,
				259DF067285B2281001D7F90 /* ContentView.swift */,
				259DF069285B2281001D7F90 /* Assets.xcassets */,
				259DF06B285B2281001D7F90 /* Preview Content */,
			);
			path = SwiftUI_Example;
			sourceTree = "<group>";
		};
		259DF06B285B2281001D7F90 /* Preview Content */ = {
			isa = PBXGroup;
			children = (
				259DF06C285B2281001D7F90 /* Preview Assets.xcassets */,
			);
			path = "Preview Content";
			sourceTree = "<group>";
		};
		259DF075285B2281001D7F90 /* SwiftUI_ExampleTests */ = {
			isa = PBXGroup;
			children = (
				259DF076285B2281001D7F90 /* SwiftUI_ExampleTests.swift */,
			);
			path = SwiftUI_ExampleTests;
			sourceTree = "<group>";
		};
		259DF07F285B2281001D7F90 /* SwiftUI_ExampleUITests */ = {
			isa = PBXGroup;
			children = (
				259DF080285B2281001D7F90 /* SwiftUI_ExampleUITests.swift */,
				259DF082285B2281001D7F90 /* SwiftUI_ExampleUITestsLaunchTests.swift */,
			);
			path = SwiftUI_ExampleUITests;
			sourceTree = "<group>";
		};
		259DF0A028600ADA001D7F90 /* Calendar */ = {
			isa = PBXGroup;
			children = (
				259DF09628600AD6001D7F90 /* CalendarAction.swift */,
				259DF09728600AD6001D7F90 /* CalendarView.swift */,
				259DF09828600AD6001D7F90 /* CalendarEnvironment.swift */,
				259DF09928600AD6001D7F90 /* CalendarReducer.swift */,
				259DF09A28600AD6001D7F90 /* CalendarState.swift */,
				259DF0A1286013E5001D7F90 /* DayOfWeek.swift */,
				259DF0A3286027CE001D7F90 /* DayInformation.swift */,
				259DF0A52860C1A5001D7F90 /* CalendarDimView.swift */,
				8AF4182F28610E4B00BD95E7 /* Int+Extension.swift */,
			);
			path = Calendar;
			sourceTree = "<group>";
		};
/* End PBXGroup section */

/* Begin PBXNativeTarget section */
		259DF061285B2281001D7F90 /* SwiftUI_Example */ = {
			isa = PBXNativeTarget;
			buildConfigurationList = 259DF086285B2281001D7F90 /* Build configuration list for PBXNativeTarget "SwiftUI_Example" */;
			buildPhases = (
				259DF05E285B2281001D7F90 /* Sources */,
				259DF05F285B2281001D7F90 /* Frameworks */,
				259DF060285B2281001D7F90 /* Resources */,
			);
			buildRules = (
			);
			dependencies = (
			);
			name = SwiftUI_Example;
			packageProductDependencies = (
				259DF094285B282C001D7F90 /* ComposableArchitecture */,
				8AF4182D2860E71300BD95E7 /* ComposableArchitecture */,
			);
			productName = SwiftUI_Example;
			productReference = 259DF062285B2281001D7F90 /* SwiftUI_Example.app */;
			productType = "com.apple.product-type.application";
		};
		259DF071285B2281001D7F90 /* SwiftUI_ExampleTests */ = {
			isa = PBXNativeTarget;
			buildConfigurationList = 259DF089285B2281001D7F90 /* Build configuration list for PBXNativeTarget "SwiftUI_ExampleTests" */;
			buildPhases = (
				259DF06E285B2281001D7F90 /* Sources */,
				259DF06F285B2281001D7F90 /* Frameworks */,
				259DF070285B2281001D7F90 /* Resources */,
			);
			buildRules = (
			);
			dependencies = (
				259DF074285B2281001D7F90 /* PBXTargetDependency */,
			);
			name = SwiftUI_ExampleTests;
			productName = SwiftUI_ExampleTests;
			productReference = 259DF072285B2281001D7F90 /* SwiftUI_ExampleTests.xctest */;
			productType = "com.apple.product-type.bundle.unit-test";
		};
		259DF07B285B2281001D7F90 /* SwiftUI_ExampleUITests */ = {
			isa = PBXNativeTarget;
			buildConfigurationList = 259DF08C285B2281001D7F90 /* Build configuration list for PBXNativeTarget "SwiftUI_ExampleUITests" */;
			buildPhases = (
				259DF078285B2281001D7F90 /* Sources */,
				259DF079285B2281001D7F90 /* Frameworks */,
				259DF07A285B2281001D7F90 /* Resources */,
			);
			buildRules = (
			);
			dependencies = (
				259DF07E285B2281001D7F90 /* PBXTargetDependency */,
			);
			name = SwiftUI_ExampleUITests;
			productName = SwiftUI_ExampleUITests;
			productReference = 259DF07C285B2281001D7F90 /* SwiftUI_ExampleUITests.xctest */;
			productType = "com.apple.product-type.bundle.ui-testing";
		};
/* End PBXNativeTarget section */

/* Begin PBXProject section */
		259DF05A285B2281001D7F90 /* Project object */ = {
			isa = PBXProject;
			attributes = {
				BuildIndependentTargetsInParallel = 1;
				LastSwiftUpdateCheck = 1340;
				LastUpgradeCheck = 1340;
				TargetAttributes = {
					259DF061285B2281001D7F90 = {
						CreatedOnToolsVersion = 13.4.1;
					};
					259DF071285B2281001D7F90 = {
						CreatedOnToolsVersion = 13.4.1;
						TestTargetID = 259DF061285B2281001D7F90;
					};
					259DF07B285B2281001D7F90 = {
						CreatedOnToolsVersion = 13.4.1;
						TestTargetID = 259DF061285B2281001D7F90;
					};
				};
			};
			buildConfigurationList = 259DF05D285B2281001D7F90 /* Build configuration list for PBXProject "SwiftUI_Example" */;
			compatibilityVersion = "Xcode 13.0";
			developmentRegion = en;
			hasScannedForEncodings = 0;
			knownRegions = (
				en,
				Base,
			);
			mainGroup = 259DF059285B2281001D7F90;
			packageReferences = (
				259DF093285B282C001D7F90 /* XCRemoteSwiftPackageReference "swift-composable-architecture" */,
				8AF4182C2860E71300BD95E7 /* XCRemoteSwiftPackageReference "swift-composable-architecture" */,
			);
			productRefGroup = 259DF063285B2281001D7F90 /* Products */;
			projectDirPath = "";
			projectRoot = "";
			targets = (
				259DF061285B2281001D7F90 /* SwiftUI_Example */,
				259DF071285B2281001D7F90 /* SwiftUI_ExampleTests */,
				259DF07B285B2281001D7F90 /* SwiftUI_ExampleUITests */,
			);
		};
/* End PBXProject section */

/* Begin PBXResourcesBuildPhase section */
		259DF060285B2281001D7F90 /* Resources */ = {
			isa = PBXResourcesBuildPhase;
			buildActionMask = 2147483647;
			files = (
				259DF06D285B2281001D7F90 /* Preview Assets.xcassets in Resources */,
				259DF06A285B2281001D7F90 /* Assets.xcassets in Resources */,
			);
			runOnlyForDeploymentPostprocessing = 0;
		};
		259DF070285B2281001D7F90 /* Resources */ = {
			isa = PBXResourcesBuildPhase;
			buildActionMask = 2147483647;
			files = (
			);
			runOnlyForDeploymentPostprocessing = 0;
		};
		259DF07A285B2281001D7F90 /* Resources */ = {
			isa = PBXResourcesBuildPhase;
			buildActionMask = 2147483647;
			files = (
			);
			runOnlyForDeploymentPostprocessing = 0;
		};
/* End PBXResourcesBuildPhase section */

/* Begin PBXSourcesBuildPhase section */
		259DF05E285B2281001D7F90 /* Sources */ = {
			isa = PBXSourcesBuildPhase;
			buildActionMask = 2147483647;
			files = (
				259DF09B28600AD6001D7F90 /* CalendarAction.swift in Sources */,
				259DF0A4286027CE001D7F90 /* DayInformation.swift in Sources */,
				259DF0A2286013E5001D7F90 /* DayOfWeek.swift in Sources */,
				259DF09D28600AD6001D7F90 /* CalendarEnvironment.swift in Sources */,
				259DF068285B2281001D7F90 /* ContentView.swift in Sources */,
				8AF4183028610E4B00BD95E7 /* Int+Extension.swift in Sources */,
				259DF09F28600AD6001D7F90 /* CalendarState.swift in Sources */,
				259DF09C28600AD6001D7F90 /* CalendarView.swift in Sources */,
				259DF09E28600AD6001D7F90 /* CalendarReducer.swift in Sources */,
				259DF066285B2281001D7F90 /* SwiftUI_ExampleApp.swift in Sources */,
				259DF0A62860C1A5001D7F90 /* CalendarDimView.swift in Sources */,
			);
			runOnlyForDeploymentPostprocessing = 0;
		};
		259DF06E285B2281001D7F90 /* Sources */ = {
			isa = PBXSourcesBuildPhase;
			buildActionMask = 2147483647;
			files = (
				259DF077285B2281001D7F90 /* SwiftUI_ExampleTests.swift in Sources */,
			);
			runOnlyForDeploymentPostprocessing = 0;
		};
		259DF078285B2281001D7F90 /* Sources */ = {
			isa = PBXSourcesBuildPhase;
			buildActionMask = 2147483647;
			files = (
				259DF081285B2281001D7F90 /* SwiftUI_ExampleUITests.swift in Sources */,
				259DF083285B2281001D7F90 /* SwiftUI_ExampleUITestsLaunchTests.swift in Sources */,
			);
			runOnlyForDeploymentPostprocessing = 0;
		};
/* End PBXSourcesBuildPhase section */

/* Begin PBXTargetDependency section */
		259DF074285B2281001D7F90 /* PBXTargetDependency */ = {
			isa = PBXTargetDependency;
			target = 259DF061285B2281001D7F90 /* SwiftUI_Example */;
			targetProxy = 259DF073285B2281001D7F90 /* PBXContainerItemProxy */;
		};
		259DF07E285B2281001D7F90 /* PBXTargetDependency */ = {
			isa = PBXTargetDependency;
			target = 259DF061285B2281001D7F90 /* SwiftUI_Example */;
			targetProxy = 259DF07D285B2281001D7F90 /* PBXContainerItemProxy */;
		};
/* End PBXTargetDependency section */

/* Begin XCBuildConfiguration section */
		259DF084285B2281001D7F90 /* Debug */ = {
			isa = XCBuildConfiguration;
			buildSettings = {
				ALWAYS_SEARCH_USER_PATHS = NO;
				CLANG_ANALYZER_NONNULL = YES;
				CLANG_ANALYZER_NUMBER_OBJECT_CONVERSION = YES_AGGRESSIVE;
				CLANG_CXX_LANGUAGE_STANDARD = "gnu++17";
				CLANG_ENABLE_MODULES = YES;
				CLANG_ENABLE_OBJC_ARC = YES;
				CLANG_ENABLE_OBJC_WEAK = YES;
				CLANG_WARN_BLOCK_CAPTURE_AUTORELEASING = YES;
				CLANG_WARN_BOOL_CONVERSION = YES;
				CLANG_WARN_COMMA = YES;
				CLANG_WARN_CONSTANT_CONVERSION = YES;
				CLANG_WARN_DEPRECATED_OBJC_IMPLEMENTATIONS = YES;
				CLANG_WARN_DIRECT_OBJC_ISA_USAGE = YES_ERROR;
				CLANG_WARN_DOCUMENTATION_COMMENTS = YES;
				CLANG_WARN_EMPTY_BODY = YES;
				CLANG_WARN_ENUM_CONVERSION = YES;
				CLANG_WARN_INFINITE_RECURSION = YES;
				CLANG_WARN_INT_CONVERSION = YES;
				CLANG_WARN_NON_LITERAL_NULL_CONVERSION = YES;
				CLANG_WARN_OBJC_IMPLICIT_RETAIN_SELF = YES;
				CLANG_WARN_OBJC_LITERAL_CONVERSION = YES;
				CLANG_WARN_OBJC_ROOT_CLASS = YES_ERROR;
				CLANG_WARN_QUOTED_INCLUDE_IN_FRAMEWORK_HEADER = YES;
				CLANG_WARN_RANGE_LOOP_ANALYSIS = YES;
				CLANG_WARN_STRICT_PROTOTYPES = YES;
				CLANG_WARN_SUSPICIOUS_MOVE = YES;
				CLANG_WARN_UNGUARDED_AVAILABILITY = YES_AGGRESSIVE;
				CLANG_WARN_UNREACHABLE_CODE = YES;
				CLANG_WARN__DUPLICATE_METHOD_MATCH = YES;
				COPY_PHASE_STRIP = NO;
				DEBUG_INFORMATION_FORMAT = dwarf;
				ENABLE_STRICT_OBJC_MSGSEND = YES;
				ENABLE_TESTABILITY = YES;
				GCC_C_LANGUAGE_STANDARD = gnu11;
				GCC_DYNAMIC_NO_PIC = NO;
				GCC_NO_COMMON_BLOCKS = YES;
				GCC_OPTIMIZATION_LEVEL = 0;
				GCC_PREPROCESSOR_DEFINITIONS = (
					"DEBUG=1",
					"$(inherited)",
				);
				GCC_WARN_64_TO_32_BIT_CONVERSION = YES;
				GCC_WARN_ABOUT_RETURN_TYPE = YES_ERROR;
				GCC_WARN_UNDECLARED_SELECTOR = YES;
				GCC_WARN_UNINITIALIZED_AUTOS = YES_AGGRESSIVE;
				GCC_WARN_UNUSED_FUNCTION = YES;
				GCC_WARN_UNUSED_VARIABLE = YES;
				IPHONEOS_DEPLOYMENT_TARGET = 15.5;
				MTL_ENABLE_DEBUG_INFO = INCLUDE_SOURCE;
				MTL_FAST_MATH = YES;
				ONLY_ACTIVE_ARCH = YES;
				SDKROOT = iphoneos;
				SWIFT_ACTIVE_COMPILATION_CONDITIONS = DEBUG;
				SWIFT_OPTIMIZATION_LEVEL = "-Onone";
			};
			name = Debug;
		};
		259DF085285B2281001D7F90 /* Release */ = {
			isa = XCBuildConfiguration;
			buildSettings = {
				ALWAYS_SEARCH_USER_PATHS = NO;
				CLANG_ANALYZER_NONNULL = YES;
				CLANG_ANALYZER_NUMBER_OBJECT_CONVERSION = YES_AGGRESSIVE;
				CLANG_CXX_LANGUAGE_STANDARD = "gnu++17";
				CLANG_ENABLE_MODULES = YES;
				CLANG_ENABLE_OBJC_ARC = YES;
				CLANG_ENABLE_OBJC_WEAK = YES;
				CLANG_WARN_BLOCK_CAPTURE_AUTORELEASING = YES;
				CLANG_WARN_BOOL_CONVERSION = YES;
				CLANG_WARN_COMMA = YES;
				CLANG_WARN_CONSTANT_CONVERSION = YES;
				CLANG_WARN_DEPRECATED_OBJC_IMPLEMENTATIONS = YES;
				CLANG_WARN_DIRECT_OBJC_ISA_USAGE = YES_ERROR;
				CLANG_WARN_DOCUMENTATION_COMMENTS = YES;
				CLANG_WARN_EMPTY_BODY = YES;
				CLANG_WARN_ENUM_CONVERSION = YES;
				CLANG_WARN_INFINITE_RECURSION = YES;
				CLANG_WARN_INT_CONVERSION = YES;
				CLANG_WARN_NON_LITERAL_NULL_CONVERSION = YES;
				CLANG_WARN_OBJC_IMPLICIT_RETAIN_SELF = YES;
				CLANG_WARN_OBJC_LITERAL_CONVERSION = YES;
				CLANG_WARN_OBJC_ROOT_CLASS = YES_ERROR;
				CLANG_WARN_QUOTED_INCLUDE_IN_FRAMEWORK_HEADER = YES;
				CLANG_WARN_RANGE_LOOP_ANALYSIS = YES;
				CLANG_WARN_STRICT_PROTOTYPES = YES;
				CLANG_WARN_SUSPICIOUS_MOVE = YES;
				CLANG_WARN_UNGUARDED_AVAILABILITY = YES_AGGRESSIVE;
				CLANG_WARN_UNREACHABLE_CODE = YES;
				CLANG_WARN__DUPLICATE_METHOD_MATCH = YES;
				COPY_PHASE_STRIP = NO;
				DEBUG_INFORMATION_FORMAT = "dwarf-with-dsym";
				ENABLE_NS_ASSERTIONS = NO;
				ENABLE_STRICT_OBJC_MSGSEND = YES;
				GCC_C_LANGUAGE_STANDARD = gnu11;
				GCC_NO_COMMON_BLOCKS = YES;
				GCC_WARN_64_TO_32_BIT_CONVERSION = YES;
				GCC_WARN_ABOUT_RETURN_TYPE = YES_ERROR;
				GCC_WARN_UNDECLARED_SELECTOR = YES;
				GCC_WARN_UNINITIALIZED_AUTOS = YES_AGGRESSIVE;
				GCC_WARN_UNUSED_FUNCTION = YES;
				GCC_WARN_UNUSED_VARIABLE = YES;
				IPHONEOS_DEPLOYMENT_TARGET = 15.5;
				MTL_ENABLE_DEBUG_INFO = NO;
				MTL_FAST_MATH = YES;
				SDKROOT = iphoneos;
				SWIFT_COMPILATION_MODE = wholemodule;
				SWIFT_OPTIMIZATION_LEVEL = "-O";
				VALIDATE_PRODUCT = YES;
			};
			name = Release;
		};
		259DF087285B2281001D7F90 /* Debug */ = {
			isa = XCBuildConfiguration;
			buildSettings = {
				ASSETCATALOG_COMPILER_APPICON_NAME = AppIcon;
				ASSETCATALOG_COMPILER_GLOBAL_ACCENT_COLOR_NAME = AccentColor;
				CODE_SIGN_STYLE = Automatic;
				CURRENT_PROJECT_VERSION = 1;
				DEVELOPMENT_ASSET_PATHS = "\"SwiftUI_Example/Preview Content\"";
				DEVELOPMENT_TEAM = WX8CNHALLY;
				ENABLE_PREVIEWS = YES;
				GENERATE_INFOPLIST_FILE = YES;
				INFOPLIST_KEY_UIApplicationSceneManifest_Generation = YES;
				INFOPLIST_KEY_UIApplicationSupportsIndirectInputEvents = YES;
				INFOPLIST_KEY_UILaunchScreen_Generation = YES;
				INFOPLIST_KEY_UISupportedInterfaceOrientations_iPad = "UIInterfaceOrientationPortrait UIInterfaceOrientationPortraitUpsideDown UIInterfaceOrientationLandscapeLeft UIInterfaceOrientationLandscapeRight";
				INFOPLIST_KEY_UISupportedInterfaceOrientations_iPhone = "UIInterfaceOrientationPortrait UIInterfaceOrientationLandscapeLeft UIInterfaceOrientationLandscapeRight";
				LD_RUNPATH_SEARCH_PATHS = (
					"$(inherited)",
					"@executable_path/Frameworks",
				);
				MARKETING_VERSION = 1.0;
				PRODUCT_BUNDLE_IDENTIFIER = "jm.choi.SwiftUI-Example";
				PRODUCT_NAME = "$(TARGET_NAME)";
				SWIFT_EMIT_LOC_STRINGS = YES;
				SWIFT_VERSION = 5.0;
				TARGETED_DEVICE_FAMILY = "1,2";
			};
			name = Debug;
		};
		259DF088285B2281001D7F90 /* Release */ = {
			isa = XCBuildConfiguration;
			buildSettings = {
				ASSETCATALOG_COMPILER_APPICON_NAME = AppIcon;
				ASSETCATALOG_COMPILER_GLOBAL_ACCENT_COLOR_NAME = AccentColor;
				CODE_SIGN_STYLE = Automatic;
				CURRENT_PROJECT_VERSION = 1;
				DEVELOPMENT_ASSET_PATHS = "\"SwiftUI_Example/Preview Content\"";
				DEVELOPMENT_TEAM = WX8CNHALLY;
				ENABLE_PREVIEWS = YES;
				GENERATE_INFOPLIST_FILE = YES;
				INFOPLIST_KEY_UIApplicationSceneManifest_Generation = YES;
				INFOPLIST_KEY_UIApplicationSupportsIndirectInputEvents = YES;
				INFOPLIST_KEY_UILaunchScreen_Generation = YES;
				INFOPLIST_KEY_UISupportedInterfaceOrientations_iPad = "UIInterfaceOrientationPortrait UIInterfaceOrientationPortraitUpsideDown UIInterfaceOrientationLandscapeLeft UIInterfaceOrientationLandscapeRight";
				INFOPLIST_KEY_UISupportedInterfaceOrientations_iPhone = "UIInterfaceOrientationPortrait UIInterfaceOrientationLandscapeLeft UIInterfaceOrientationLandscapeRight";
				LD_RUNPATH_SEARCH_PATHS = (
					"$(inherited)",
					"@executable_path/Frameworks",
				);
				MARKETING_VERSION = 1.0;
				PRODUCT_BUNDLE_IDENTIFIER = "jm.choi.SwiftUI-Example";
				PRODUCT_NAME = "$(TARGET_NAME)";
				SWIFT_EMIT_LOC_STRINGS = YES;
				SWIFT_VERSION = 5.0;
				TARGETED_DEVICE_FAMILY = "1,2";
			};
			name = Release;
		};
		259DF08A285B2281001D7F90 /* Debug */ = {
			isa = XCBuildConfiguration;
			buildSettings = {
				ALWAYS_EMBED_SWIFT_STANDARD_LIBRARIES = YES;
				BUNDLE_LOADER = "$(TEST_HOST)";
				CODE_SIGN_STYLE = Automatic;
				CURRENT_PROJECT_VERSION = 1;
				GENERATE_INFOPLIST_FILE = YES;
				IPHONEOS_DEPLOYMENT_TARGET = 15.5;
				MARKETING_VERSION = 1.0;
				PRODUCT_BUNDLE_IDENTIFIER = "jm.choi.SwiftUI-ExampleTests";
				PRODUCT_NAME = "$(TARGET_NAME)";
				SWIFT_EMIT_LOC_STRINGS = NO;
				SWIFT_VERSION = 5.0;
				TARGETED_DEVICE_FAMILY = "1,2";
				TEST_HOST = "$(BUILT_PRODUCTS_DIR)/SwiftUI_Example.app/SwiftUI_Example";
			};
			name = Debug;
		};
		259DF08B285B2281001D7F90 /* Release */ = {
			isa = XCBuildConfiguration;
			buildSettings = {
				ALWAYS_EMBED_SWIFT_STANDARD_LIBRARIES = YES;
				BUNDLE_LOADER = "$(TEST_HOST)";
				CODE_SIGN_STYLE = Automatic;
				CURRENT_PROJECT_VERSION = 1;
				GENERATE_INFOPLIST_FILE = YES;
				IPHONEOS_DEPLOYMENT_TARGET = 15.5;
				MARKETING_VERSION = 1.0;
				PRODUCT_BUNDLE_IDENTIFIER = "jm.choi.SwiftUI-ExampleTests";
				PRODUCT_NAME = "$(TARGET_NAME)";
				SWIFT_EMIT_LOC_STRINGS = NO;
				SWIFT_VERSION = 5.0;
				TARGETED_DEVICE_FAMILY = "1,2";
				TEST_HOST = "$(BUILT_PRODUCTS_DIR)/SwiftUI_Example.app/SwiftUI_Example";
			};
			name = Release;
		};
		259DF08D285B2281001D7F90 /* Debug */ = {
			isa = XCBuildConfiguration;
			buildSettings = {
				ALWAYS_EMBED_SWIFT_STANDARD_LIBRARIES = YES;
				CODE_SIGN_STYLE = Automatic;
				CURRENT_PROJECT_VERSION = 1;
				GENERATE_INFOPLIST_FILE = YES;
				MARKETING_VERSION = 1.0;
				PRODUCT_BUNDLE_IDENTIFIER = "jm.choi.SwiftUI-ExampleUITests";
				PRODUCT_NAME = "$(TARGET_NAME)";
				SWIFT_EMIT_LOC_STRINGS = NO;
				SWIFT_VERSION = 5.0;
				TARGETED_DEVICE_FAMILY = "1,2";
				TEST_TARGET_NAME = SwiftUI_Example;
			};
			name = Debug;
		};
		259DF08E285B2281001D7F90 /* Release */ = {
			isa = XCBuildConfiguration;
			buildSettings = {
				ALWAYS_EMBED_SWIFT_STANDARD_LIBRARIES = YES;
				CODE_SIGN_STYLE = Automatic;
				CURRENT_PROJECT_VERSION = 1;
				GENERATE_INFOPLIST_FILE = YES;
				MARKETING_VERSION = 1.0;
				PRODUCT_BUNDLE_IDENTIFIER = "jm.choi.SwiftUI-ExampleUITests";
				PRODUCT_NAME = "$(TARGET_NAME)";
				SWIFT_EMIT_LOC_STRINGS = NO;
				SWIFT_VERSION = 5.0;
				TARGETED_DEVICE_FAMILY = "1,2";
				TEST_TARGET_NAME = SwiftUI_Example;
			};
			name = Release;
		};
/* End XCBuildConfiguration section */

/* Begin XCConfigurationList section */
		259DF05D285B2281001D7F90 /* Build configuration list for PBXProject "SwiftUI_Example" */ = {
			isa = XCConfigurationList;
			buildConfigurations = (
				259DF084285B2281001D7F90 /* Debug */,
				259DF085285B2281001D7F90 /* Release */,
			);
			defaultConfigurationIsVisible = 0;
			defaultConfigurationName = Release;
		};
		259DF086285B2281001D7F90 /* Build configuration list for PBXNativeTarget "SwiftUI_Example" */ = {
			isa = XCConfigurationList;
			buildConfigurations = (
				259DF087285B2281001D7F90 /* Debug */,
				259DF088285B2281001D7F90 /* Release */,
			);
			defaultConfigurationIsVisible = 0;
			defaultConfigurationName = Release;
		};
		259DF089285B2281001D7F90 /* Build configuration list for PBXNativeTarget "SwiftUI_ExampleTests" */ = {
			isa = XCConfigurationList;
			buildConfigurations = (
				259DF08A285B2281001D7F90 /* Debug */,
				259DF08B285B2281001D7F90 /* Release */,
			);
			defaultConfigurationIsVisible = 0;
			defaultConfigurationName = Release;
		};
		259DF08C285B2281001D7F90 /* Build configuration list for PBXNativeTarget "SwiftUI_ExampleUITests" */ = {
			isa = XCConfigurationList;
			buildConfigurations = (
				259DF08D285B2281001D7F90 /* Debug */,
				259DF08E285B2281001D7F90 /* Release */,
			);
			defaultConfigurationIsVisible = 0;
			defaultConfigurationName = Release;
		};
/* End XCConfigurationList section */

/* Begin XCRemoteSwiftPackageReference section */
		259DF093285B282C001D7F90 /* XCRemoteSwiftPackageReference "swift-composable-architecture" */ = {
			isa = XCRemoteSwiftPackageReference;
			repositoryURL = "https://github.com/pointfreeco/swift-composable-architecture";
			requirement = {
				kind = upToNextMajorVersion;
				minimumVersion = 0.9.0;
			};
		};
		8AF4182C2860E71300BD95E7 /* XCRemoteSwiftPackageReference "swift-composable-architecture" */ = {
			isa = XCRemoteSwiftPackageReference;
			repositoryURL = "https://github.com/pointfreeco/swift-composable-architecture";
			requirement = {
				branch = main;
				kind = branch;
			};
		};
/* End XCRemoteSwiftPackageReference section */

/* Begin XCSwiftPackageProductDependency section */
		259DF094285B282C001D7F90 /* ComposableArchitecture */ = {
			isa = XCSwiftPackageProductDependency;
			package = 259DF093285B282C001D7F90 /* XCRemoteSwiftPackageReference "swift-composable-architecture" */;
			productName = ComposableArchitecture;
		};
		8AF4182D2860E71300BD95E7 /* ComposableArchitecture */ = {
			isa = XCSwiftPackageProductDependency;
			package = 8AF4182C2860E71300BD95E7 /* XCRemoteSwiftPackageReference "swift-composable-architecture" */;
			productName = ComposableArchitecture;
		};
/* End XCSwiftPackageProductDependency section */
	};
	rootObject = 259DF05A285B2281001D7F90 /* Project object */;
}
