// !$*UTF8*$!
{
	archiveVersion = 1;
	classes = {
	};
	objectVersion = 55;
	objects = {

/* Begin PBXBuildFile section */
		256693982885F7920095C99E /* NavigationPath.swift in Sources */ = {isa = PBXBuildFile; fileRef = 256693972885F7920095C99E /* NavigationPath.swift */; };
		2566939B2885FF660095C99E /* NotificationHandler.swift in Sources */ = {isa = PBXBuildFile; fileRef = 2566939A2885FF660095C99E /* NotificationHandler.swift */; };
		2566939D2885FF710095C99E /* PathHandler.swift in Sources */ = {isa = PBXBuildFile; fileRef = 2566939C2885FF710095C99E /* PathHandler.swift */; };
		256A5A092873E1CB00428616 /* WebView.swift in Sources */ = {isa = PBXBuildFile; fileRef = 256A5A082873E1CB00428616 /* WebView.swift */; };
		259DF066285B2281001D7F90 /* SwiftUI_ExampleApp.swift in Sources */ = {isa = PBXBuildFile; fileRef = 259DF065285B2281001D7F90 /* SwiftUI_ExampleApp.swift */; };
		259DF06A285B2281001D7F90 /* Assets.xcassets in Resources */ = {isa = PBXBuildFile; fileRef = 259DF069285B2281001D7F90 /* Assets.xcassets */; };
		259DF06D285B2281001D7F90 /* Preview Assets.xcassets in Resources */ = {isa = PBXBuildFile; fileRef = 259DF06C285B2281001D7F90 /* Preview Assets.xcassets */; };
		259DF077285B2281001D7F90 /* SwiftUI_ExampleTests.swift in Sources */ = {isa = PBXBuildFile; fileRef = 259DF076285B2281001D7F90 /* SwiftUI_ExampleTests.swift */; };
		259DF081285B2281001D7F90 /* SwiftUI_ExampleUITests.swift in Sources */ = {isa = PBXBuildFile; fileRef = 259DF080285B2281001D7F90 /* SwiftUI_ExampleUITests.swift */; };
		259DF083285B2281001D7F90 /* SwiftUI_ExampleUITestsLaunchTests.swift in Sources */ = {isa = PBXBuildFile; fileRef = 259DF082285B2281001D7F90 /* SwiftUI_ExampleUITestsLaunchTests.swift */; };
		259DF095285B282C001D7F90 /* ComposableArchitecture in Frameworks */ = {isa = PBXBuildFile; productRef = 259DF094285B282C001D7F90 /* ComposableArchitecture */; };
		25C3EBE92875A74E000A1B93 /* SecondAction.swift in Sources */ = {isa = PBXBuildFile; fileRef = 25C3EBE42875A74E000A1B93 /* SecondAction.swift */; };
		25C3EBEA2875A74E000A1B93 /* SecondView.swift in Sources */ = {isa = PBXBuildFile; fileRef = 25C3EBE52875A74E000A1B93 /* SecondView.swift */; };
		25C3EBEB2875A74E000A1B93 /* SecondEnvironment.swift in Sources */ = {isa = PBXBuildFile; fileRef = 25C3EBE62875A74E000A1B93 /* SecondEnvironment.swift */; };
		25C3EBEC2875A74E000A1B93 /* SecondReducer.swift in Sources */ = {isa = PBXBuildFile; fileRef = 25C3EBE72875A74E000A1B93 /* SecondReducer.swift */; };
		25C3EBED2875A74E000A1B93 /* SecondState.swift in Sources */ = {isa = PBXBuildFile; fileRef = 25C3EBE82875A74E000A1B93 /* SecondState.swift */; };
		25C3EC08287E5CA6000A1B93 /* FirstAction.swift in Sources */ = {isa = PBXBuildFile; fileRef = 25C3EC03287E5CA6000A1B93 /* FirstAction.swift */; };
		25C3EC09287E5CA6000A1B93 /* FirstView.swift in Sources */ = {isa = PBXBuildFile; fileRef = 25C3EC04287E5CA6000A1B93 /* FirstView.swift */; };
		25C3EC0A287E5CA6000A1B93 /* FirstEnvironment.swift in Sources */ = {isa = PBXBuildFile; fileRef = 25C3EC05287E5CA6000A1B93 /* FirstEnvironment.swift */; };
		25C3EC0B287E5CA6000A1B93 /* FirstReducer.swift in Sources */ = {isa = PBXBuildFile; fileRef = 25C3EC06287E5CA6000A1B93 /* FirstReducer.swift */; };
		25C3EC0C287E5CA6000A1B93 /* FirstState.swift in Sources */ = {isa = PBXBuildFile; fileRef = 25C3EC07287E5CA6000A1B93 /* FirstState.swift */; };
		25C3EC13287E61A3000A1B93 /* ModalAction.swift in Sources */ = {isa = PBXBuildFile; fileRef = 25C3EC0E287E61A3000A1B93 /* ModalAction.swift */; };
		25C3EC14287E61A3000A1B93 /* ModalView.swift in Sources */ = {isa = PBXBuildFile; fileRef = 25C3EC0F287E61A3000A1B93 /* ModalView.swift */; };
		25C3EC15287E61A3000A1B93 /* ModalEnvironment.swift in Sources */ = {isa = PBXBuildFile; fileRef = 25C3EC10287E61A3000A1B93 /* ModalEnvironment.swift */; };
		25C3EC16287E61A3000A1B93 /* ModalReducer.swift in Sources */ = {isa = PBXBuildFile; fileRef = 25C3EC11287E61A3000A1B93 /* ModalReducer.swift */; };
		25C3EC17287E61A3000A1B93 /* ModalState.swift in Sources */ = {isa = PBXBuildFile; fileRef = 25C3EC12287E61A3000A1B93 /* ModalState.swift */; };
		25C3EC1A287E6CC2000A1B93 /* AppDelegate.swift in Sources */ = {isa = PBXBuildFile; fileRef = 25C3EC19287E6CC2000A1B93 /* AppDelegate.swift */; };
		25C3EC20287E71B2000A1B93 /* RootAction.swift in Sources */ = {isa = PBXBuildFile; fileRef = 25C3EC1B287E71B2000A1B93 /* RootAction.swift */; };
		25C3EC21287E71B2000A1B93 /* RootView.swift in Sources */ = {isa = PBXBuildFile; fileRef = 25C3EC1C287E71B2000A1B93 /* RootView.swift */; };
		25C3EC22287E71B2000A1B93 /* RootEnvironment.swift in Sources */ = {isa = PBXBuildFile; fileRef = 25C3EC1D287E71B2000A1B93 /* RootEnvironment.swift */; };
		25C3EC23287E71B2000A1B93 /* RootReducer.swift in Sources */ = {isa = PBXBuildFile; fileRef = 25C3EC1E287E71B2000A1B93 /* RootReducer.swift */; };
		25C3EC24287E71B2000A1B93 /* RootState.swift in Sources */ = {isa = PBXBuildFile; fileRef = 25C3EC1F287E71B2000A1B93 /* RootState.swift */; };
		25C3EC29287EB433000A1B93 /* FirebaseMessaging in Frameworks */ = {isa = PBXBuildFile; productRef = 25C3EC28287EB433000A1B93 /* FirebaseMessaging */; };
		25C3EC2F287EC123000A1B93 /* GoogleService-Info.plist in Resources */ = {isa = PBXBuildFile; fileRef = 25C3EC2E287EC123000A1B93 /* GoogleService-Info.plist */; };
		25C3EC4628800DF9000A1B93 /* NavigationStack.swift in Sources */ = {isa = PBXBuildFile; fileRef = 25C3EC4528800DF9000A1B93 /* NavigationStack.swift */; };
		25C3EC4828800E11000A1B93 /* NavigationStackView.swift in Sources */ = {isa = PBXBuildFile; fileRef = 25C3EC4728800E11000A1B93 /* NavigationStackView.swift */; };
		25C3EC4A28800E23000A1B93 /* Pop.swift in Sources */ = {isa = PBXBuildFile; fileRef = 25C3EC4928800E23000A1B93 /* Pop.swift */; };
		25C3EC4C28800E36000A1B93 /* Push.swift in Sources */ = {isa = PBXBuildFile; fileRef = 25C3EC4B28800E36000A1B93 /* Push.swift */; };
		25C3EC512880212B000A1B93 /* AlwaysEquatable.swift in Sources */ = {isa = PBXBuildFile; fileRef = 25C3EC502880212B000A1B93 /* AlwaysEquatable.swift */; };
		25C3EC542881285C000A1B93 /* FNavigationStack.swift in Sources */ = {isa = PBXBuildFile; fileRef = 25C3EC532881285C000A1B93 /* FNavigationStack.swift */; };
		25C3EC5628812872000A1B93 /* FNavigationStackView.swift in Sources */ = {isa = PBXBuildFile; fileRef = 25C3EC5528812872000A1B93 /* FNavigationStackView.swift */; };
		25DA73CC2888D414004BC256 /* NavigationReducer.swift in Sources */ = {isa = PBXBuildFile; fileRef = 25DA73CB2888D414004BC256 /* NavigationReducer.swift */; };
		25DA73CE2888D6CF004BC256 /* NavigationAction.swift in Sources */ = {isa = PBXBuildFile; fileRef = 25DA73CD2888D6CF004BC256 /* NavigationAction.swift */; };
		25DA73D12888E3D3004BC256 /* NavigationEnvironment.swift in Sources */ = {isa = PBXBuildFile; fileRef = 25DA73D02888E3D3004BC256 /* NavigationEnvironment.swift */; };
		8AA638FB2888B2B4003A97A5 /* NavigationState.swift in Sources */ = {isa = PBXBuildFile; fileRef = 8AA638FA2888B2B3003A97A5 /* NavigationState.swift */; };
/* End PBXBuildFile section */

/* Begin PBXContainerItemProxy section */
		259DF073285B2281001D7F90 /* PBXContainerItemProxy */ = {
			isa = PBXContainerItemProxy;
			containerPortal = 259DF05A285B2281001D7F90 /* Project object */;
			proxyType = 1;
			remoteGlobalIDString = 259DF061285B2281001D7F90;
			remoteInfo = SwiftUI_Example;
		};
		259DF07D285B2281001D7F90 /* PBXContainerItemProxy */ = {
			isa = PBXContainerItemProxy;
			containerPortal = 259DF05A285B2281001D7F90 /* Project object */;
			proxyType = 1;
			remoteGlobalIDString = 259DF061285B2281001D7F90;
			remoteInfo = SwiftUI_Example;
		};
/* End PBXContainerItemProxy section */

/* Begin PBXFileReference section */
		256693972885F7920095C99E /* NavigationPath.swift */ = {isa = PBXFileReference; lastKnownFileType = sourcecode.swift; path = NavigationPath.swift; sourceTree = "<group>"; };
		2566939A2885FF660095C99E /* NotificationHandler.swift */ = {isa = PBXFileReference; lastKnownFileType = sourcecode.swift; path = NotificationHandler.swift; sourceTree = "<group>"; };
		2566939C2885FF710095C99E /* PathHandler.swift */ = {isa = PBXFileReference; lastKnownFileType = sourcecode.swift; path = PathHandler.swift; sourceTree = "<group>"; };
		256A5A082873E1CB00428616 /* WebView.swift */ = {isa = PBXFileReference; lastKnownFileType = sourcecode.swift; path = WebView.swift; sourceTree = "<group>"; };
		259DF062285B2281001D7F90 /* SwiftUI_Example.app */ = {isa = PBXFileReference; explicitFileType = wrapper.application; includeInIndex = 0; path = SwiftUI_Example.app; sourceTree = BUILT_PRODUCTS_DIR; };
		259DF065285B2281001D7F90 /* SwiftUI_ExampleApp.swift */ = {isa = PBXFileReference; lastKnownFileType = sourcecode.swift; path = SwiftUI_ExampleApp.swift; sourceTree = "<group>"; };
		259DF069285B2281001D7F90 /* Assets.xcassets */ = {isa = PBXFileReference; lastKnownFileType = folder.assetcatalog; path = Assets.xcassets; sourceTree = "<group>"; };
		259DF06C285B2281001D7F90 /* Preview Assets.xcassets */ = {isa = PBXFileReference; lastKnownFileType = folder.assetcatalog; path = "Preview Assets.xcassets"; sourceTree = "<group>"; };
		259DF072285B2281001D7F90 /* SwiftUI_ExampleTests.xctest */ = {isa = PBXFileReference; explicitFileType = wrapper.cfbundle; includeInIndex = 0; path = SwiftUI_ExampleTests.xctest; sourceTree = BUILT_PRODUCTS_DIR; };
		259DF076285B2281001D7F90 /* SwiftUI_ExampleTests.swift */ = {isa = PBXFileReference; lastKnownFileType = sourcecode.swift; path = SwiftUI_ExampleTests.swift; sourceTree = "<group>"; };
		259DF07C285B2281001D7F90 /* SwiftUI_ExampleUITests.xctest */ = {isa = PBXFileReference; explicitFileType = wrapper.cfbundle; includeInIndex = 0; path = SwiftUI_ExampleUITests.xctest; sourceTree = BUILT_PRODUCTS_DIR; };
		259DF080285B2281001D7F90 /* SwiftUI_ExampleUITests.swift */ = {isa = PBXFileReference; lastKnownFileType = sourcecode.swift; path = SwiftUI_ExampleUITests.swift; sourceTree = "<group>"; };
		259DF082285B2281001D7F90 /* SwiftUI_ExampleUITestsLaunchTests.swift */ = {isa = PBXFileReference; lastKnownFileType = sourcecode.swift; path = SwiftUI_ExampleUITestsLaunchTests.swift; sourceTree = "<group>"; };
		25C3EBE42875A74E000A1B93 /* SecondAction.swift */ = {isa = PBXFileReference; lastKnownFileType = sourcecode.swift; path = SecondAction.swift; sourceTree = "<group>"; };
		25C3EBE52875A74E000A1B93 /* SecondView.swift */ = {isa = PBXFileReference; lastKnownFileType = sourcecode.swift; path = SecondView.swift; sourceTree = "<group>"; };
		25C3EBE62875A74E000A1B93 /* SecondEnvironment.swift */ = {isa = PBXFileReference; lastKnownFileType = sourcecode.swift; path = SecondEnvironment.swift; sourceTree = "<group>"; };
		25C3EBE72875A74E000A1B93 /* SecondReducer.swift */ = {isa = PBXFileReference; lastKnownFileType = sourcecode.swift; path = SecondReducer.swift; sourceTree = "<group>"; };
		25C3EBE82875A74E000A1B93 /* SecondState.swift */ = {isa = PBXFileReference; lastKnownFileType = sourcecode.swift; path = SecondState.swift; sourceTree = "<group>"; };
		25C3EC03287E5CA6000A1B93 /* FirstAction.swift */ = {isa = PBXFileReference; lastKnownFileType = sourcecode.swift; path = FirstAction.swift; sourceTree = "<group>"; };
		25C3EC04287E5CA6000A1B93 /* FirstView.swift */ = {isa = PBXFileReference; lastKnownFileType = sourcecode.swift; path = FirstView.swift; sourceTree = "<group>"; };
		25C3EC05287E5CA6000A1B93 /* FirstEnvironment.swift */ = {isa = PBXFileReference; lastKnownFileType = sourcecode.swift; path = FirstEnvironment.swift; sourceTree = "<group>"; };
		25C3EC06287E5CA6000A1B93 /* FirstReducer.swift */ = {isa = PBXFileReference; lastKnownFileType = sourcecode.swift; path = FirstReducer.swift; sourceTree = "<group>"; };
		25C3EC07287E5CA6000A1B93 /* FirstState.swift */ = {isa = PBXFileReference; lastKnownFileType = sourcecode.swift; path = FirstState.swift; sourceTree = "<group>"; };
		25C3EC0E287E61A3000A1B93 /* ModalAction.swift */ = {isa = PBXFileReference; lastKnownFileType = sourcecode.swift; path = ModalAction.swift; sourceTree = "<group>"; };
		25C3EC0F287E61A3000A1B93 /* ModalView.swift */ = {isa = PBXFileReference; lastKnownFileType = sourcecode.swift; path = ModalView.swift; sourceTree = "<group>"; };
		25C3EC10287E61A3000A1B93 /* ModalEnvironment.swift */ = {isa = PBXFileReference; lastKnownFileType = sourcecode.swift; path = ModalEnvironment.swift; sourceTree = "<group>"; };
		25C3EC11287E61A3000A1B93 /* ModalReducer.swift */ = {isa = PBXFileReference; lastKnownFileType = sourcecode.swift; path = ModalReducer.swift; sourceTree = "<group>"; };
		25C3EC12287E61A3000A1B93 /* ModalState.swift */ = {isa = PBXFileReference; lastKnownFileType = sourcecode.swift; path = ModalState.swift; sourceTree = "<group>"; };
		25C3EC19287E6CC2000A1B93 /* AppDelegate.swift */ = {isa = PBXFileReference; lastKnownFileType = sourcecode.swift; path = AppDelegate.swift; sourceTree = "<group>"; };
		25C3EC1B287E71B2000A1B93 /* RootAction.swift */ = {isa = PBXFileReference; lastKnownFileType = sourcecode.swift; path = RootAction.swift; sourceTree = "<group>"; };
		25C3EC1C287E71B2000A1B93 /* RootView.swift */ = {isa = PBXFileReference; lastKnownFileType = sourcecode.swift; path = RootView.swift; sourceTree = "<group>"; };
		25C3EC1D287E71B2000A1B93 /* RootEnvironment.swift */ = {isa = PBXFileReference; lastKnownFileType = sourcecode.swift; path = RootEnvironment.swift; sourceTree = "<group>"; };
		25C3EC1E287E71B2000A1B93 /* RootReducer.swift */ = {isa = PBXFileReference; lastKnownFileType = sourcecode.swift; path = RootReducer.swift; sourceTree = "<group>"; };
		25C3EC1F287E71B2000A1B93 /* RootState.swift */ = {isa = PBXFileReference; lastKnownFileType = sourcecode.swift; path = RootState.swift; sourceTree = "<group>"; };
		25C3EC2A287EB473000A1B93 /* SwiftUI_Example.entitlements */ = {isa = PBXFileReference; lastKnownFileType = text.plist.entitlements; path = SwiftUI_Example.entitlements; sourceTree = "<group>"; };
		25C3EC2E287EC123000A1B93 /* GoogleService-Info.plist */ = {isa = PBXFileReference; fileEncoding = 4; lastKnownFileType = text.plist.xml; name = "GoogleService-Info.plist"; path = "../../../../../Downloads/GoogleService-Info.plist"; sourceTree = "<group>"; };
		25C3EC30287EC70C000A1B93 /* SwiftUI-Example-Info.plist */ = {isa = PBXFileReference; lastKnownFileType = text.plist; path = "SwiftUI-Example-Info.plist"; sourceTree = SOURCE_ROOT; };
		25C3EC4528800DF9000A1B93 /* NavigationStack.swift */ = {isa = PBXFileReference; lastKnownFileType = sourcecode.swift; path = NavigationStack.swift; sourceTree = "<group>"; };
		25C3EC4728800E11000A1B93 /* NavigationStackView.swift */ = {isa = PBXFileReference; lastKnownFileType = sourcecode.swift; path = NavigationStackView.swift; sourceTree = "<group>"; };
		25C3EC4928800E23000A1B93 /* Pop.swift */ = {isa = PBXFileReference; lastKnownFileType = sourcecode.swift; path = Pop.swift; sourceTree = "<group>"; };
		25C3EC4B28800E36000A1B93 /* Push.swift */ = {isa = PBXFileReference; lastKnownFileType = sourcecode.swift; path = Push.swift; sourceTree = "<group>"; };
		25C3EC502880212B000A1B93 /* AlwaysEquatable.swift */ = {isa = PBXFileReference; lastKnownFileType = sourcecode.swift; path = AlwaysEquatable.swift; sourceTree = "<group>"; };
		25C3EC532881285C000A1B93 /* FNavigationStack.swift */ = {isa = PBXFileReference; lastKnownFileType = sourcecode.swift; path = FNavigationStack.swift; sourceTree = "<group>"; };
		25C3EC5528812872000A1B93 /* FNavigationStackView.swift */ = {isa = PBXFileReference; lastKnownFileType = sourcecode.swift; path = FNavigationStackView.swift; sourceTree = "<group>"; };
		25DA73CB2888D414004BC256 /* NavigationReducer.swift */ = {isa = PBXFileReference; lastKnownFileType = sourcecode.swift; path = NavigationReducer.swift; sourceTree = "<group>"; };
		25DA73CD2888D6CF004BC256 /* NavigationAction.swift */ = {isa = PBXFileReference; lastKnownFileType = sourcecode.swift; path = NavigationAction.swift; sourceTree = "<group>"; };
		25DA73D02888E3D3004BC256 /* NavigationEnvironment.swift */ = {isa = PBXFileReference; lastKnownFileType = sourcecode.swift; path = NavigationEnvironment.swift; sourceTree = "<group>"; };
		8AA638FA2888B2B3003A97A5 /* NavigationState.swift */ = {isa = PBXFileReference; lastKnownFileType = sourcecode.swift; path = NavigationState.swift; sourceTree = "<group>"; };
/* End PBXFileReference section */

/* Begin PBXFrameworksBuildPhase section */
		259DF05F285B2281001D7F90 /* Frameworks */ = {
			isa = PBXFrameworksBuildPhase;
			buildActionMask = 2147483647;
			files = (
				25C3EC29287EB433000A1B93 /* FirebaseMessaging in Frameworks */,
				259DF095285B282C001D7F90 /* ComposableArchitecture in Frameworks */,
			);
			runOnlyForDeploymentPostprocessing = 0;
		};
		259DF06F285B2281001D7F90 /* Frameworks */ = {
			isa = PBXFrameworksBuildPhase;
			buildActionMask = 2147483647;
			files = (
			);
			runOnlyForDeploymentPostprocessing = 0;
		};
		259DF079285B2281001D7F90 /* Frameworks */ = {
			isa = PBXFrameworksBuildPhase;
			buildActionMask = 2147483647;
			files = (
			);
			runOnlyForDeploymentPostprocessing = 0;
		};
/* End PBXFrameworksBuildPhase section */

/* Begin PBXGroup section */
		256693952885F75D0095C99E /* Dependency */ = {
			isa = PBXGroup;
			children = (
				25C3EC5228811A2B000A1B93 /* FNavigationStack */,
				25C3EC4428800DDE000A1B93 /* NavigationStack */,
			);
			path = Dependency;
			sourceTree = "<group>";
		};
		256693962885F77E0095C99E /* Common */ = {
			isa = PBXGroup;
			children = (
				25C3EC502880212B000A1B93 /* AlwaysEquatable.swift */,
				256A5A082873E1CB00428616 /* WebView.swift */,
				256693972885F7920095C99E /* NavigationPath.swift */,
				2566939A2885FF660095C99E /* NotificationHandler.swift */,
				2566939C2885FF710095C99E /* PathHandler.swift */,
			);
			path = Common;
			sourceTree = "<group>";
		};
		259DF059285B2281001D7F90 = {
			isa = PBXGroup;
			children = (
				259DF064285B2281001D7F90 /* SwiftUI_Example */,
				259DF075285B2281001D7F90 /* SwiftUI_ExampleTests */,
				259DF07F285B2281001D7F90 /* SwiftUI_ExampleUITests */,
				259DF063285B2281001D7F90 /* Products */,
			);
			sourceTree = "<group>";
		};
		259DF063285B2281001D7F90 /* Products */ = {
			isa = PBXGroup;
			children = (
				259DF062285B2281001D7F90 /* SwiftUI_Example.app */,
				259DF072285B2281001D7F90 /* SwiftUI_ExampleTests.xctest */,
				259DF07C285B2281001D7F90 /* SwiftUI_ExampleUITests.xctest */,
			);
			name = Products;
			sourceTree = "<group>";
		};
		259DF064285B2281001D7F90 /* SwiftUI_Example */ = {
			isa = PBXGroup;
			children = (
				25DA73CF2888E30C004BC256 /* Navigation */,
				256693962885F77E0095C99E /* Common */,
				25C3EC18287E67A4000A1B93 /* Root */,
				25C3EC02287E5C96000A1B93 /* First */,
				25C3EC01287E5C86000A1B93 /* Second */,
				25C3EC0D287E6189000A1B93 /* Modal */,
				259DF065285B2281001D7F90 /* SwiftUI_ExampleApp.swift */,
				25C3EC19287E6CC2000A1B93 /* AppDelegate.swift */,
				256693952885F75D0095C99E /* Dependency */,
				259DF069285B2281001D7F90 /* Assets.xcassets */,
				259DF06B285B2281001D7F90 /* Preview Content */,
				25C3EC30287EC70C000A1B93 /* SwiftUI-Example-Info.plist */,
				25C3EC2E287EC123000A1B93 /* GoogleService-Info.plist */,
				25C3EC2A287EB473000A1B93 /* SwiftUI_Example.entitlements */,
			);
			path = SwiftUI_Example;
			sourceTree = "<group>";
		};
		259DF06B285B2281001D7F90 /* Preview Content */ = {
			isa = PBXGroup;
			children = (
				259DF06C285B2281001D7F90 /* Preview Assets.xcassets */,
			);
			path = "Preview Content";
			sourceTree = "<group>";
		};
		259DF075285B2281001D7F90 /* SwiftUI_ExampleTests */ = {
			isa = PBXGroup;
			children = (
				259DF076285B2281001D7F90 /* SwiftUI_ExampleTests.swift */,
			);
			path = SwiftUI_ExampleTests;
			sourceTree = "<group>";
		};
		259DF07F285B2281001D7F90 /* SwiftUI_ExampleUITests */ = {
			isa = PBXGroup;
			children = (
				259DF080285B2281001D7F90 /* SwiftUI_ExampleUITests.swift */,
				259DF082285B2281001D7F90 /* SwiftUI_ExampleUITestsLaunchTests.swift */,
			);
			path = SwiftUI_ExampleUITests;
			sourceTree = "<group>";
		};
		25C3EC01287E5C86000A1B93 /* Second */ = {
			isa = PBXGroup;
			children = (
				25C3EBE42875A74E000A1B93 /* SecondAction.swift */,
				25C3EBE52875A74E000A1B93 /* SecondView.swift */,
				25C3EBE62875A74E000A1B93 /* SecondEnvironment.swift */,
				25C3EBE72875A74E000A1B93 /* SecondReducer.swift */,
				25C3EBE82875A74E000A1B93 /* SecondState.swift */,
			);
			path = Second;
			sourceTree = "<group>";
		};
		25C3EC02287E5C96000A1B93 /* First */ = {
			isa = PBXGroup;
			children = (
				25C3EC03287E5CA6000A1B93 /* FirstAction.swift */,
				25C3EC04287E5CA6000A1B93 /* FirstView.swift */,
				25C3EC05287E5CA6000A1B93 /* FirstEnvironment.swift */,
				25C3EC06287E5CA6000A1B93 /* FirstReducer.swift */,
				25C3EC07287E5CA6000A1B93 /* FirstState.swift */,
			);
			path = First;
			sourceTree = "<group>";
		};
		25C3EC0D287E6189000A1B93 /* Modal */ = {
			isa = PBXGroup;
			children = (
				25C3EC0E287E61A3000A1B93 /* ModalAction.swift */,
				25C3EC0F287E61A3000A1B93 /* ModalView.swift */,
				25C3EC10287E61A3000A1B93 /* ModalEnvironment.swift */,
				25C3EC11287E61A3000A1B93 /* ModalReducer.swift */,
				25C3EC12287E61A3000A1B93 /* ModalState.swift */,
			);
			path = Modal;
			sourceTree = "<group>";
		};
		25C3EC18287E67A4000A1B93 /* Root */ = {
			isa = PBXGroup;
			children = (
				25C3EC1B287E71B2000A1B93 /* RootAction.swift */,
				25C3EC1C287E71B2000A1B93 /* RootView.swift */,
				25C3EC1D287E71B2000A1B93 /* RootEnvironment.swift */,
				25C3EC1E287E71B2000A1B93 /* RootReducer.swift */,
				25C3EC1F287E71B2000A1B93 /* RootState.swift */,
			);
			path = Root;
			sourceTree = "<group>";
		};
		25C3EC4428800DDE000A1B93 /* NavigationStack */ = {
			isa = PBXGroup;
			children = (
				25C3EC4528800DF9000A1B93 /* NavigationStack.swift */,
				25C3EC4728800E11000A1B93 /* NavigationStackView.swift */,
				25C3EC4928800E23000A1B93 /* Pop.swift */,
				25C3EC4B28800E36000A1B93 /* Push.swift */,
			);
			path = NavigationStack;
			sourceTree = "<group>";
		};
		25C3EC5228811A2B000A1B93 /* FNavigationStack */ = {
			isa = PBXGroup;
			children = (
				25C3EC532881285C000A1B93 /* FNavigationStack.swift */,
				25C3EC5528812872000A1B93 /* FNavigationStackView.swift */,
			);
			path = FNavigationStack;
			sourceTree = "<group>";
		};
		25DA73CF2888E30C004BC256 /* Navigation */ = {
			isa = PBXGroup;
			children = (
				8AA638FA2888B2B3003A97A5 /* NavigationState.swift */,
				25DA73CB2888D414004BC256 /* NavigationReducer.swift */,
				25DA73CD2888D6CF004BC256 /* NavigationAction.swift */,
				25DA73D02888E3D3004BC256 /* NavigationEnvironment.swift */,
			);
			path = Navigation;
			sourceTree = "<group>";
		};
/* End PBXGroup section */

/* Begin PBXNativeTarget section */
		259DF061285B2281001D7F90 /* SwiftUI_Example */ = {
			isa = PBXNativeTarget;
			buildConfigurationList = 259DF086285B2281001D7F90 /* Build configuration list for PBXNativeTarget "SwiftUI_Example" */;
			buildPhases = (
				259DF05E285B2281001D7F90 /* Sources */,
				259DF05F285B2281001D7F90 /* Frameworks */,
				259DF060285B2281001D7F90 /* Resources */,
			);
			buildRules = (
			);
			dependencies = (
			);
			name = SwiftUI_Example;
			packageProductDependencies = (
				259DF094285B282C001D7F90 /* ComposableArchitecture */,
				25C3EC28287EB433000A1B93 /* FirebaseMessaging */,
			);
			productName = SwiftUI_Example;
			productReference = 259DF062285B2281001D7F90 /* SwiftUI_Example.app */;
			productType = "com.apple.product-type.application";
		};
		259DF071285B2281001D7F90 /* SwiftUI_ExampleTests */ = {
			isa = PBXNativeTarget;
			buildConfigurationList = 259DF089285B2281001D7F90 /* Build configuration list for PBXNativeTarget "SwiftUI_ExampleTests" */;
			buildPhases = (
				259DF06E285B2281001D7F90 /* Sources */,
				259DF06F285B2281001D7F90 /* Frameworks */,
				259DF070285B2281001D7F90 /* Resources */,
			);
			buildRules = (
			);
			dependencies = (
				259DF074285B2281001D7F90 /* PBXTargetDependency */,
			);
			name = SwiftUI_ExampleTests;
			productName = SwiftUI_ExampleTests;
			productReference = 259DF072285B2281001D7F90 /* SwiftUI_ExampleTests.xctest */;
			productType = "com.apple.product-type.bundle.unit-test";
		};
		259DF07B285B2281001D7F90 /* SwiftUI_ExampleUITests */ = {
			isa = PBXNativeTarget;
			buildConfigurationList = 259DF08C285B2281001D7F90 /* Build configuration list for PBXNativeTarget "SwiftUI_ExampleUITests" */;
			buildPhases = (
				259DF078285B2281001D7F90 /* Sources */,
				259DF079285B2281001D7F90 /* Frameworks */,
				259DF07A285B2281001D7F90 /* Resources */,
			);
			buildRules = (
			);
			dependencies = (
				259DF07E285B2281001D7F90 /* PBXTargetDependency */,
			);
			name = SwiftUI_ExampleUITests;
			productName = SwiftUI_ExampleUITests;
			productReference = 259DF07C285B2281001D7F90 /* SwiftUI_ExampleUITests.xctest */;
			productType = "com.apple.product-type.bundle.ui-testing";
		};
/* End PBXNativeTarget section */

/* Begin PBXProject section */
		259DF05A285B2281001D7F90 /* Project object */ = {
			isa = PBXProject;
			attributes = {
				BuildIndependentTargetsInParallel = 1;
				LastSwiftUpdateCheck = 1340;
				LastUpgradeCheck = 1340;
				TargetAttributes = {
					259DF061285B2281001D7F90 = {
						CreatedOnToolsVersion = 13.4.1;
					};
					259DF071285B2281001D7F90 = {
						CreatedOnToolsVersion = 13.4.1;
						TestTargetID = 259DF061285B2281001D7F90;
					};
					259DF07B285B2281001D7F90 = {
						CreatedOnToolsVersion = 13.4.1;
						TestTargetID = 259DF061285B2281001D7F90;
					};
				};
			};
			buildConfigurationList = 259DF05D285B2281001D7F90 /* Build configuration list for PBXProject "SwiftUI_Example" */;
			compatibilityVersion = "Xcode 13.0";
			developmentRegion = en;
			hasScannedForEncodings = 0;
			knownRegions = (
				en,
				Base,
			);
			mainGroup = 259DF059285B2281001D7F90;
			packageReferences = (
				259DF093285B282C001D7F90 /* XCRemoteSwiftPackageReference "swift-composable-architecture" */,
				25C3EC27287EB433000A1B93 /* XCRemoteSwiftPackageReference "firebase-ios-sdk" */,
			);
			productRefGroup = 259DF063285B2281001D7F90 /* Products */;
			projectDirPath = "";
			projectRoot = "";
			targets = (
				259DF061285B2281001D7F90 /* SwiftUI_Example */,
				259DF071285B2281001D7F90 /* SwiftUI_ExampleTests */,
				259DF07B285B2281001D7F90 /* SwiftUI_ExampleUITests */,
			);
		};
/* End PBXProject section */

/* Begin PBXResourcesBuildPhase section */
		259DF060285B2281001D7F90 /* Resources */ = {
			isa = PBXResourcesBuildPhase;
			buildActionMask = 2147483647;
			files = (
				259DF06D285B2281001D7F90 /* Preview Assets.xcassets in Resources */,
				259DF06A285B2281001D7F90 /* Assets.xcassets in Resources */,
				25C3EC2F287EC123000A1B93 /* GoogleService-Info.plist in Resources */,
			);
			runOnlyForDeploymentPostprocessing = 0;
		};
		259DF070285B2281001D7F90 /* Resources */ = {
			isa = PBXResourcesBuildPhase;
			buildActionMask = 2147483647;
			files = (
			);
			runOnlyForDeploymentPostprocessing = 0;
		};
		259DF07A285B2281001D7F90 /* Resources */ = {
			isa = PBXResourcesBuildPhase;
			buildActionMask = 2147483647;
			files = (
			);
			runOnlyForDeploymentPostprocessing = 0;
		};
/* End PBXResourcesBuildPhase section */

/* Begin PBXSourcesBuildPhase section */
		259DF05E285B2281001D7F90 /* Sources */ = {
			isa = PBXSourcesBuildPhase;
			buildActionMask = 2147483647;
			files = (
				25C3EC15287E61A3000A1B93 /* ModalEnvironment.swift in Sources */,
				25C3EC20287E71B2000A1B93 /* RootAction.swift in Sources */,
				25C3EBEC2875A74E000A1B93 /* SecondReducer.swift in Sources */,
				25DA73CE2888D6CF004BC256 /* NavigationAction.swift in Sources */,
				25C3EC4A28800E23000A1B93 /* Pop.swift in Sources */,
				25C3EC5628812872000A1B93 /* FNavigationStackView.swift in Sources */,
				25C3EC4C28800E36000A1B93 /* Push.swift in Sources */,
				25C3EC1A287E6CC2000A1B93 /* AppDelegate.swift in Sources */,
				25C3EC17287E61A3000A1B93 /* ModalState.swift in Sources */,
				25C3EC23287E71B2000A1B93 /* RootReducer.swift in Sources */,
				25C3EC09287E5CA6000A1B93 /* FirstView.swift in Sources */,
				25C3EC512880212B000A1B93 /* AlwaysEquatable.swift in Sources */,
				256693982885F7920095C99E /* NavigationPath.swift in Sources */,
				25C3EC0C287E5CA6000A1B93 /* FirstState.swift in Sources */,
				25DA73CC2888D414004BC256 /* NavigationReducer.swift in Sources */,
				25C3EC08287E5CA6000A1B93 /* FirstAction.swift in Sources */,
				25C3EBEA2875A74E000A1B93 /* SecondView.swift in Sources */,
				25C3EC21287E71B2000A1B93 /* RootView.swift in Sources */,
				25C3EC24287E71B2000A1B93 /* RootState.swift in Sources */,
				25C3EBED2875A74E000A1B93 /* SecondState.swift in Sources */,
				25C3EC0B287E5CA6000A1B93 /* FirstReducer.swift in Sources */,
				25C3EBEB2875A74E000A1B93 /* SecondEnvironment.swift in Sources */,
				25DA73D12888E3D3004BC256 /* NavigationEnvironment.swift in Sources */,
				2566939D2885FF710095C99E /* PathHandler.swift in Sources */,
				25C3EC542881285C000A1B93 /* FNavigationStack.swift in Sources */,
				25C3EC14287E61A3000A1B93 /* ModalView.swift in Sources */,
				25C3EBE92875A74E000A1B93 /* SecondAction.swift in Sources */,
				25C3EC0A287E5CA6000A1B93 /* FirstEnvironment.swift in Sources */,
				8AA638FB2888B2B4003A97A5 /* NavigationState.swift in Sources */,
				25C3EC16287E61A3000A1B93 /* ModalReducer.swift in Sources */,
				2566939B2885FF660095C99E /* NotificationHandler.swift in Sources */,
				256A5A092873E1CB00428616 /* WebView.swift in Sources */,
				25C3EC22287E71B2000A1B93 /* RootEnvironment.swift in Sources */,
				25C3EC13287E61A3000A1B93 /* ModalAction.swift in Sources */,
				25C3EC4628800DF9000A1B93 /* NavigationStack.swift in Sources */,
				25C3EC4828800E11000A1B93 /* NavigationStackView.swift in Sources */,
				259DF066285B2281001D7F90 /* SwiftUI_ExampleApp.swift in Sources */,
			);
			runOnlyForDeploymentPostprocessing = 0;
		};
		259DF06E285B2281001D7F90 /* Sources */ = {
			isa = PBXSourcesBuildPhase;
			buildActionMask = 2147483647;
			files = (
				259DF077285B2281001D7F90 /* SwiftUI_ExampleTests.swift in Sources */,
			);
			runOnlyForDeploymentPostprocessing = 0;
		};
		259DF078285B2281001D7F90 /* Sources */ = {
			isa = PBXSourcesBuildPhase;
			buildActionMask = 2147483647;
			files = (
				259DF081285B2281001D7F90 /* SwiftUI_ExampleUITests.swift in Sources */,
				259DF083285B2281001D7F90 /* SwiftUI_ExampleUITestsLaunchTests.swift in Sources */,
			);
			runOnlyForDeploymentPostprocessing = 0;
		};
/* End PBXSourcesBuildPhase section */

/* Begin PBXTargetDependency section */
		259DF074285B2281001D7F90 /* PBXTargetDependency */ = {
			isa = PBXTargetDependency;
			target = 259DF061285B2281001D7F90 /* SwiftUI_Example */;
			targetProxy = 259DF073285B2281001D7F90 /* PBXContainerItemProxy */;
		};
		259DF07E285B2281001D7F90 /* PBXTargetDependency */ = {
			isa = PBXTargetDependency;
			target = 259DF061285B2281001D7F90 /* SwiftUI_Example */;
			targetProxy = 259DF07D285B2281001D7F90 /* PBXContainerItemProxy */;
		};
/* End PBXTargetDependency section */

/* Begin XCBuildConfiguration section */
		259DF084285B2281001D7F90 /* Debug */ = {
			isa = XCBuildConfiguration;
			buildSettings = {
				ALWAYS_SEARCH_USER_PATHS = NO;
				CLANG_ANALYZER_NONNULL = YES;
				CLANG_ANALYZER_NUMBER_OBJECT_CONVERSION = YES_AGGRESSIVE;
				CLANG_CXX_LANGUAGE_STANDARD = "gnu++17";
				CLANG_ENABLE_MODULES = YES;
				CLANG_ENABLE_OBJC_ARC = YES;
				CLANG_ENABLE_OBJC_WEAK = YES;
				CLANG_WARN_BLOCK_CAPTURE_AUTORELEASING = YES;
				CLANG_WARN_BOOL_CONVERSION = YES;
				CLANG_WARN_COMMA = YES;
				CLANG_WARN_CONSTANT_CONVERSION = YES;
				CLANG_WARN_DEPRECATED_OBJC_IMPLEMENTATIONS = YES;
				CLANG_WARN_DIRECT_OBJC_ISA_USAGE = YES_ERROR;
				CLANG_WARN_DOCUMENTATION_COMMENTS = YES;
				CLANG_WARN_EMPTY_BODY = YES;
				CLANG_WARN_ENUM_CONVERSION = YES;
				CLANG_WARN_INFINITE_RECURSION = YES;
				CLANG_WARN_INT_CONVERSION = YES;
				CLANG_WARN_NON_LITERAL_NULL_CONVERSION = YES;
				CLANG_WARN_OBJC_IMPLICIT_RETAIN_SELF = YES;
				CLANG_WARN_OBJC_LITERAL_CONVERSION = YES;
				CLANG_WARN_OBJC_ROOT_CLASS = YES_ERROR;
				CLANG_WARN_QUOTED_INCLUDE_IN_FRAMEWORK_HEADER = YES;
				CLANG_WARN_RANGE_LOOP_ANALYSIS = YES;
				CLANG_WARN_STRICT_PROTOTYPES = YES;
				CLANG_WARN_SUSPICIOUS_MOVE = YES;
				CLANG_WARN_UNGUARDED_AVAILABILITY = YES_AGGRESSIVE;
				CLANG_WARN_UNREACHABLE_CODE = YES;
				CLANG_WARN__DUPLICATE_METHOD_MATCH = YES;
				COPY_PHASE_STRIP = NO;
				DEBUG_INFORMATION_FORMAT = dwarf;
				ENABLE_STRICT_OBJC_MSGSEND = YES;
				ENABLE_TESTABILITY = YES;
				GCC_C_LANGUAGE_STANDARD = gnu11;
				GCC_DYNAMIC_NO_PIC = NO;
				GCC_NO_COMMON_BLOCKS = YES;
				GCC_OPTIMIZATION_LEVEL = 0;
				GCC_PREPROCESSOR_DEFINITIONS = (
					"DEBUG=1",
					"$(inherited)",
				);
				GCC_WARN_64_TO_32_BIT_CONVERSION = YES;
				GCC_WARN_ABOUT_RETURN_TYPE = YES_ERROR;
				GCC_WARN_UNDECLARED_SELECTOR = YES;
				GCC_WARN_UNINITIALIZED_AUTOS = YES_AGGRESSIVE;
				GCC_WARN_UNUSED_FUNCTION = YES;
				GCC_WARN_UNUSED_VARIABLE = YES;
				IPHONEOS_DEPLOYMENT_TARGET = 15.5;
				MTL_ENABLE_DEBUG_INFO = INCLUDE_SOURCE;
				MTL_FAST_MATH = YES;
				ONLY_ACTIVE_ARCH = YES;
				SDKROOT = iphoneos;
				SWIFT_ACTIVE_COMPILATION_CONDITIONS = DEBUG;
				SWIFT_OPTIMIZATION_LEVEL = "-Onone";
			};
			name = Debug;
		};
		259DF085285B2281001D7F90 /* Release */ = {
			isa = XCBuildConfiguration;
			buildSettings = {
				ALWAYS_SEARCH_USER_PATHS = NO;
				CLANG_ANALYZER_NONNULL = YES;
				CLANG_ANALYZER_NUMBER_OBJECT_CONVERSION = YES_AGGRESSIVE;
				CLANG_CXX_LANGUAGE_STANDARD = "gnu++17";
				CLANG_ENABLE_MODULES = YES;
				CLANG_ENABLE_OBJC_ARC = YES;
				CLANG_ENABLE_OBJC_WEAK = YES;
				CLANG_WARN_BLOCK_CAPTURE_AUTORELEASING = YES;
				CLANG_WARN_BOOL_CONVERSION = YES;
				CLANG_WARN_COMMA = YES;
				CLANG_WARN_CONSTANT_CONVERSION = YES;
				CLANG_WARN_DEPRECATED_OBJC_IMPLEMENTATIONS = YES;
				CLANG_WARN_DIRECT_OBJC_ISA_USAGE = YES_ERROR;
				CLANG_WARN_DOCUMENTATION_COMMENTS = YES;
				CLANG_WARN_EMPTY_BODY = YES;
				CLANG_WARN_ENUM_CONVERSION = YES;
				CLANG_WARN_INFINITE_RECURSION = YES;
				CLANG_WARN_INT_CONVERSION = YES;
				CLANG_WARN_NON_LITERAL_NULL_CONVERSION = YES;
				CLANG_WARN_OBJC_IMPLICIT_RETAIN_SELF = YES;
				CLANG_WARN_OBJC_LITERAL_CONVERSION = YES;
				CLANG_WARN_OBJC_ROOT_CLASS = YES_ERROR;
				CLANG_WARN_QUOTED_INCLUDE_IN_FRAMEWORK_HEADER = YES;
				CLANG_WARN_RANGE_LOOP_ANALYSIS = YES;
				CLANG_WARN_STRICT_PROTOTYPES = YES;
				CLANG_WARN_SUSPICIOUS_MOVE = YES;
				CLANG_WARN_UNGUARDED_AVAILABILITY = YES_AGGRESSIVE;
				CLANG_WARN_UNREACHABLE_CODE = YES;
				CLANG_WARN__DUPLICATE_METHOD_MATCH = YES;
				COPY_PHASE_STRIP = NO;
				DEBUG_INFORMATION_FORMAT = "dwarf-with-dsym";
				ENABLE_NS_ASSERTIONS = NO;
				ENABLE_STRICT_OBJC_MSGSEND = YES;
				GCC_C_LANGUAGE_STANDARD = gnu11;
				GCC_NO_COMMON_BLOCKS = YES;
				GCC_WARN_64_TO_32_BIT_CONVERSION = YES;
				GCC_WARN_ABOUT_RETURN_TYPE = YES_ERROR;
				GCC_WARN_UNDECLARED_SELECTOR = YES;
				GCC_WARN_UNINITIALIZED_AUTOS = YES_AGGRESSIVE;
				GCC_WARN_UNUSED_FUNCTION = YES;
				GCC_WARN_UNUSED_VARIABLE = YES;
				IPHONEOS_DEPLOYMENT_TARGET = 15.5;
				MTL_ENABLE_DEBUG_INFO = NO;
				MTL_FAST_MATH = YES;
				SDKROOT = iphoneos;
				SWIFT_COMPILATION_MODE = wholemodule;
				SWIFT_OPTIMIZATION_LEVEL = "-O";
				VALIDATE_PRODUCT = YES;
			};
			name = Release;
		};
		259DF087285B2281001D7F90 /* Debug */ = {
			isa = XCBuildConfiguration;
			buildSettings = {
				ASSETCATALOG_COMPILER_APPICON_NAME = AppIcon;
				ASSETCATALOG_COMPILER_GLOBAL_ACCENT_COLOR_NAME = AccentColor;
				CODE_SIGN_ENTITLEMENTS = SwiftUI_Example/SwiftUI_Example.entitlements;
				CODE_SIGN_STYLE = Automatic;
				CURRENT_PROJECT_VERSION = 1;
				DEVELOPMENT_ASSET_PATHS = "\"SwiftUI_Example/Preview Content\"";
				DEVELOPMENT_TEAM = WX8CNHALLY;
				ENABLE_PREVIEWS = YES;
				GENERATE_INFOPLIST_FILE = YES;
				INFOPLIST_FILE = "SwiftUI-Example-Info.plist";
				INFOPLIST_KEY_UIApplicationSceneManifest_Generation = YES;
				INFOPLIST_KEY_UIApplicationSupportsIndirectInputEvents = YES;
				INFOPLIST_KEY_UILaunchScreen_Generation = YES;
				INFOPLIST_KEY_UISupportedInterfaceOrientations_iPad = "UIInterfaceOrientationPortrait UIInterfaceOrientationPortraitUpsideDown UIInterfaceOrientationLandscapeLeft UIInterfaceOrientationLandscapeRight";
				INFOPLIST_KEY_UISupportedInterfaceOrientations_iPhone = "UIInterfaceOrientationPortrait UIInterfaceOrientationLandscapeLeft UIInterfaceOrientationLandscapeRight";
				LD_RUNPATH_SEARCH_PATHS = (
					"$(inherited)",
					"@executable_path/Frameworks",
				);
				MARKETING_VERSION = 1.0;
				PRODUCT_BUNDLE_IDENTIFIER = "jm.choi.SwiftUI-Example";
				PRODUCT_NAME = "$(TARGET_NAME)";
				SWIFT_EMIT_LOC_STRINGS = YES;
				SWIFT_VERSION = 5.0;
				TARGETED_DEVICE_FAMILY = "1,2";
			};
			name = Debug;
		};
		259DF088285B2281001D7F90 /* Release */ = {
			isa = XCBuildConfiguration;
			buildSettings = {
				ASSETCATALOG_COMPILER_APPICON_NAME = AppIcon;
				ASSETCATALOG_COMPILER_GLOBAL_ACCENT_COLOR_NAME = AccentColor;
				CODE_SIGN_ENTITLEMENTS = SwiftUI_Example/SwiftUI_Example.entitlements;
				CODE_SIGN_STYLE = Automatic;
				CURRENT_PROJECT_VERSION = 1;
				DEVELOPMENT_ASSET_PATHS = "\"SwiftUI_Example/Preview Content\"";
				DEVELOPMENT_TEAM = WX8CNHALLY;
				ENABLE_PREVIEWS = YES;
				GENERATE_INFOPLIST_FILE = YES;
				INFOPLIST_FILE = "SwiftUI-Example-Info.plist";
				INFOPLIST_KEY_UIApplicationSceneManifest_Generation = YES;
				INFOPLIST_KEY_UIApplicationSupportsIndirectInputEvents = YES;
				INFOPLIST_KEY_UILaunchScreen_Generation = YES;
				INFOPLIST_KEY_UISupportedInterfaceOrientations_iPad = "UIInterfaceOrientationPortrait UIInterfaceOrientationPortraitUpsideDown UIInterfaceOrientationLandscapeLeft UIInterfaceOrientationLandscapeRight";
				INFOPLIST_KEY_UISupportedInterfaceOrientations_iPhone = "UIInterfaceOrientationPortrait UIInterfaceOrientationLandscapeLeft UIInterfaceOrientationLandscapeRight";
				LD_RUNPATH_SEARCH_PATHS = (
					"$(inherited)",
					"@executable_path/Frameworks",
				);
				MARKETING_VERSION = 1.0;
				PRODUCT_BUNDLE_IDENTIFIER = "jm.choi.SwiftUI-Example";
				PRODUCT_NAME = "$(TARGET_NAME)";
				SWIFT_EMIT_LOC_STRINGS = YES;
				SWIFT_VERSION = 5.0;
				TARGETED_DEVICE_FAMILY = "1,2";
			};
			name = Release;
		};
		259DF08A285B2281001D7F90 /* Debug */ = {
			isa = XCBuildConfiguration;
			buildSettings = {
				ALWAYS_EMBED_SWIFT_STANDARD_LIBRARIES = YES;
				BUNDLE_LOADER = "$(TEST_HOST)";
				CODE_SIGN_STYLE = Automatic;
				CURRENT_PROJECT_VERSION = 1;
				GENERATE_INFOPLIST_FILE = YES;
				IPHONEOS_DEPLOYMENT_TARGET = 15.5;
				MARKETING_VERSION = 1.0;
				PRODUCT_BUNDLE_IDENTIFIER = "jm.choi.SwiftUI-ExampleTests";
				PRODUCT_NAME = "$(TARGET_NAME)";
				SWIFT_EMIT_LOC_STRINGS = NO;
				SWIFT_VERSION = 5.0;
				TARGETED_DEVICE_FAMILY = "1,2";
				TEST_HOST = "$(BUILT_PRODUCTS_DIR)/SwiftUI_Example.app/SwiftUI_Example";
			};
			name = Debug;
		};
		259DF08B285B2281001D7F90 /* Release */ = {
			isa = XCBuildConfiguration;
			buildSettings = {
				ALWAYS_EMBED_SWIFT_STANDARD_LIBRARIES = YES;
				BUNDLE_LOADER = "$(TEST_HOST)";
				CODE_SIGN_STYLE = Automatic;
				CURRENT_PROJECT_VERSION = 1;
				GENERATE_INFOPLIST_FILE = YES;
				IPHONEOS_DEPLOYMENT_TARGET = 15.5;
				MARKETING_VERSION = 1.0;
				PRODUCT_BUNDLE_IDENTIFIER = "jm.choi.SwiftUI-ExampleTests";
				PRODUCT_NAME = "$(TARGET_NAME)";
				SWIFT_EMIT_LOC_STRINGS = NO;
				SWIFT_VERSION = 5.0;
				TARGETED_DEVICE_FAMILY = "1,2";
				TEST_HOST = "$(BUILT_PRODUCTS_DIR)/SwiftUI_Example.app/SwiftUI_Example";
			};
			name = Release;
		};
		259DF08D285B2281001D7F90 /* Debug */ = {
			isa = XCBuildConfiguration;
			buildSettings = {
				ALWAYS_EMBED_SWIFT_STANDARD_LIBRARIES = YES;
				CODE_SIGN_STYLE = Automatic;
				CURRENT_PROJECT_VERSION = 1;
				GENERATE_INFOPLIST_FILE = YES;
				MARKETING_VERSION = 1.0;
				PRODUCT_BUNDLE_IDENTIFIER = "jm.choi.SwiftUI-ExampleUITests";
				PRODUCT_NAME = "$(TARGET_NAME)";
				SWIFT_EMIT_LOC_STRINGS = NO;
				SWIFT_VERSION = 5.0;
				TARGETED_DEVICE_FAMILY = "1,2";
				TEST_TARGET_NAME = SwiftUI_Example;
			};
			name = Debug;
		};
		259DF08E285B2281001D7F90 /* Release */ = {
			isa = XCBuildConfiguration;
			buildSettings = {
				ALWAYS_EMBED_SWIFT_STANDARD_LIBRARIES = YES;
				CODE_SIGN_STYLE = Automatic;
				CURRENT_PROJECT_VERSION = 1;
				GENERATE_INFOPLIST_FILE = YES;
				MARKETING_VERSION = 1.0;
				PRODUCT_BUNDLE_IDENTIFIER = "jm.choi.SwiftUI-ExampleUITests";
				PRODUCT_NAME = "$(TARGET_NAME)";
				SWIFT_EMIT_LOC_STRINGS = NO;
				SWIFT_VERSION = 5.0;
				TARGETED_DEVICE_FAMILY = "1,2";
				TEST_TARGET_NAME = SwiftUI_Example;
			};
			name = Release;
		};
/* End XCBuildConfiguration section */

/* Begin XCConfigurationList section */
		259DF05D285B2281001D7F90 /* Build configuration list for PBXProject "SwiftUI_Example" */ = {
			isa = XCConfigurationList;
			buildConfigurations = (
				259DF084285B2281001D7F90 /* Debug */,
				259DF085285B2281001D7F90 /* Release */,
			);
			defaultConfigurationIsVisible = 0;
			defaultConfigurationName = Release;
		};
		259DF086285B2281001D7F90 /* Build configuration list for PBXNativeTarget "SwiftUI_Example" */ = {
			isa = XCConfigurationList;
			buildConfigurations = (
				259DF087285B2281001D7F90 /* Debug */,
				259DF088285B2281001D7F90 /* Release */,
			);
			defaultConfigurationIsVisible = 0;
			defaultConfigurationName = Release;
		};
		259DF089285B2281001D7F90 /* Build configuration list for PBXNativeTarget "SwiftUI_ExampleTests" */ = {
			isa = XCConfigurationList;
			buildConfigurations = (
				259DF08A285B2281001D7F90 /* Debug */,
				259DF08B285B2281001D7F90 /* Release */,
			);
			defaultConfigurationIsVisible = 0;
			defaultConfigurationName = Release;
		};
		259DF08C285B2281001D7F90 /* Build configuration list for PBXNativeTarget "SwiftUI_ExampleUITests" */ = {
			isa = XCConfigurationList;
			buildConfigurations = (
				259DF08D285B2281001D7F90 /* Debug */,
				259DF08E285B2281001D7F90 /* Release */,
			);
			defaultConfigurationIsVisible = 0;
			defaultConfigurationName = Release;
		};
/* End XCConfigurationList section */

/* Begin XCRemoteSwiftPackageReference section */
		259DF093285B282C001D7F90 /* XCRemoteSwiftPackageReference "swift-composable-architecture" */ = {
			isa = XCRemoteSwiftPackageReference;
			repositoryURL = "https://github.com/pointfreeco/swift-composable-architecture";
			requirement = {
				kind = upToNextMajorVersion;
				minimumVersion = 0.9.0;
			};
		};
		25C3EC27287EB433000A1B93 /* XCRemoteSwiftPackageReference "firebase-ios-sdk" */ = {
			isa = XCRemoteSwiftPackageReference;
			repositoryURL = "https://github.com/firebase/firebase-ios-sdk";
			requirement = {
				kind = upToNextMajorVersion;
				minimumVersion = 9.0.0;
			};
		};
/* End XCRemoteSwiftPackageReference section */

/* Begin XCSwiftPackageProductDependency section */
		259DF094285B282C001D7F90 /* ComposableArchitecture */ = {
			isa = XCSwiftPackageProductDependency;
			package = 259DF093285B282C001D7F90 /* XCRemoteSwiftPackageReference "swift-composable-architecture" */;
			productName = ComposableArchitecture;
		};
		25C3EC28287EB433000A1B93 /* FirebaseMessaging */ = {
			isa = XCSwiftPackageProductDependency;
			package = 25C3EC27287EB433000A1B93 /* XCRemoteSwiftPackageReference "firebase-ios-sdk" */;
			productName = FirebaseMessaging;
		};
/* End XCSwiftPackageProductDependency section */
	};
	rootObject = 259DF05A285B2281001D7F90 /* Project object */;
}
